{
  "name": "aconcagua",
  "version": "1.0.0",
  "lockfileVersion": 1,
  "requires": true,
  "dependencies": {
    "@pmoo/testy": {
      "version": "2.5.1",
      "resolved": "https://registry.npmjs.org/@pmoo/testy/-/testy-2.5.1.tgz",
      "integrity": "sha512-TYUMa8qxwZQKQMNYUd/vwYueznIM5Z8x8jfmPCPnkYycJ2HcnzpktY4ySMr3Gm4d0sfM/+GajA0hSr/6NiXp3w==",
      "dev": true
    },
    "require-dir": {
      "version": "1.1.0",
      "resolved": "https://registry.npmjs.org/require-dir/-/require-dir-1.1.0.tgz",
      "integrity": "sha512-XwZR1Gdv8rme0xLSRmxWNue/xQ5mgIfFGwbBJaF7TbFqQBgEBTr/M1/73a4dfn/keF5WDDiUr6RAF4nA1LskrQ==",
      "dev": true
    }
  }
}
