{
  "name": "aconcagua",
  "version": "1.0.0",
  "lockfileVersion": 1,
  "requires": true,
  "dependencies": {
    "@pmoo/testy": {
      "version": "2.3.1",
      "resolved": "https://registry.npmjs.org/@pmoo/testy/-/testy-2.3.1.tgz",
      "integrity": "sha512-fsVSgeGJXFR2tQIS1hJwnio3eEAkOP8TbRvYwriBjv6Nuo7jvZ+zd10Xotmd+fTR/P3spsOgbgc5C9wTTr8YyQ==",
      "dev": true
    }
  }
}
