{
  "name": "aconcagua",
  "version": "1.0.0",
  "lockfileVersion": 1,
  "requires": true,
  "dependencies": {
    "@pmoo/testy": {
      "version": "2.5.1",
      "resolved": "https://registry.npmjs.org/@pmoo/testy/-/testy-2.5.1.tgz",
      "integrity": "sha512-TYUMa8qxwZQKQMNYUd/vwYueznIM5Z8x8jfmPCPnkYycJ2HcnzpktY4ySMr3Gm4d0sfM/+GajA0hSr/6NiXp3w==",
      "dev": true
    }
  }
}
